
Microsoft Visual Studio Solution File, Format Version 12.00
# Visual Studio Version 16
VisualStudioVersion = 16.0.30804.86
MinimumVisualStudioVersion = 10.0.40219.1
Project("{FAE04EC0-301F-11D3-BF4B-00C04F79EFBC}") = "Kafka-Consumer-Console", "Kafka-Consumer-Console\Kafka-Consumer-Console.csproj", "{4CEB14FC-4C62-498C-9ABA-9150C9FF04BC}"
EndProject
Global
	GlobalSection(SolutionConfigurationPlatforms) = preSolution
		Debug|Any CPU = Debug|Any CPU
		Release|Any CPU = Release|Any CPU
	EndGlobalSection
	GlobalSection(ProjectConfigurationPlatforms) = postSolution
		{4CEB14FC-4C62-498C-9ABA-9150C9FF04BC}.Debug|Any CPU.ActiveCfg = Debug|Any CPU
		{4CEB14FC-4C62-498C-9ABA-9150C9FF04BC}.Debug|Any CPU.Build.0 = Debug|Any CPU
		{4CEB14FC-4C62-498C-9ABA-9150C9FF04BC}.Release|Any CPU.ActiveCfg = Release|Any CPU
		{4CEB14FC-4C62-498C-9ABA-9150C9FF04BC}.Release|Any CPU.Build.0 = Release|Any CPU
	EndGlobalSection
	GlobalSection(SolutionProperties) = preSolution
		HideSolutionNode = FALSE
	EndGlobalSection
	GlobalSection(ExtensibilityGlobals) = postSolution
		SolutionGuid = {E0930A40-A04B-434D-B6BC-5FD582DACA61}
	EndGlobalSection
EndGlobal
